
Microsoft Visual Studio Solution File, Format Version 12.00
# Visual Studio Version 16
VisualStudioVersion = 16.0.31729.503
MinimumVisualStudioVersion = 10.0.40219.1
Project("{FAE04EC0-301F-11D3-BF4B-00C04F79EFBC}") = "NewBurgerKingBot", "NewBurgerKingBot\NewBurgerKingBot.csproj", "{FA6CF60A-5AC7-43F0-8305-B10C72E2C9CE}"
EndProject
Global
	GlobalSection(SolutionConfigurationPlatforms) = preSolution
		Debug|Any CPU = Debug|Any CPU
		Release|Any CPU = Release|Any CPU
	EndGlobalSection
	GlobalSection(ProjectConfigurationPlatforms) = postSolution
		{FA6CF60A-5AC7-43F0-8305-B10C72E2C9CE}.Debug|Any CPU.ActiveCfg = Debug|Any CPU
		{FA6CF60A-5AC7-43F0-8305-B10C72E2C9CE}.Debug|Any CPU.Build.0 = Debug|Any CPU
		{FA6CF60A-5AC7-43F0-8305-B10C72E2C9CE}.Release|Any CPU.ActiveCfg = Release|Any CPU
		{FA6CF60A-5AC7-43F0-8305-B10C72E2C9CE}.Release|Any CPU.Build.0 = Release|Any CPU
	EndGlobalSection
	GlobalSection(SolutionProperties) = preSolution
		HideSolutionNode = FALSE
	EndGlobalSection
	GlobalSection(ExtensibilityGlobals) = postSolution
		SolutionGuid = {408479BB-31F9-468A-80E7-88AA04081B15}
	EndGlobalSection
EndGlobal
